
Microsoft Visual Studio Solution File, Format Version 12.00
# Visual Studio 15
VisualStudioVersion = 15.0.28010.2016
MinimumVisualStudioVersion = 10.0.40219.1
Project("{2150E333-8FDC-42A3-9474-1A3956D46DE8}") = "Src", "Src", "{D5A6CE5D-1E86-48C9-9781-052F7C6C459F}"
EndProject
Project("{2150E333-8FDC-42A3-9474-1A3956D46DE8}") = "Tests", "Tests", "{2863307B-E5DC-47CB-98F6-B297645FCCC0}"
EndProject
Project("{9A19103F-16F7-4668-BE54-9A1E7A4F7556}") = "Overcrowdin", "src\Overcrowdin\Overcrowdin.csproj", "{013075DC-D708-408A-A4F0-0AB0CAA84227}"
EndProject
Project("{FAE04EC0-301F-11D3-BF4B-00C04F79EFBC}") = "OvercrowdinTests", "OvercrowdinTests\OvercrowdinTests.csproj", "{F10D2B5D-D830-4095-833B-FD17A8D2A752}"
EndProject
Project("{9A19103F-16F7-4668-BE54-9A1E7A4F7556}") = "Crowdin.Api", "src\Crowdin.Api\src\Crowdin.Api\Crowdin.Api.csproj", "{7C0E5F83-C398-4C5E-8AF9-ED7E7F74F934}"
EndProject
Global
	GlobalSection(SolutionConfigurationPlatforms) = preSolution
		Debug|Any CPU = Debug|Any CPU
		Release|Any CPU = Release|Any CPU
	EndGlobalSection
	GlobalSection(ProjectConfigurationPlatforms) = postSolution
		{013075DC-D708-408A-A4F0-0AB0CAA84227}.Debug|Any CPU.ActiveCfg = Debug|Any CPU
		{013075DC-D708-408A-A4F0-0AB0CAA84227}.Debug|Any CPU.Build.0 = Debug|Any CPU
		{013075DC-D708-408A-A4F0-0AB0CAA84227}.Release|Any CPU.ActiveCfg = Release|Any CPU
		{013075DC-D708-408A-A4F0-0AB0CAA84227}.Release|Any CPU.Build.0 = Release|Any CPU
		{F10D2B5D-D830-4095-833B-FD17A8D2A752}.Debug|Any CPU.ActiveCfg = Debug|Any CPU
		{F10D2B5D-D830-4095-833B-FD17A8D2A752}.Debug|Any CPU.Build.0 = Debug|Any CPU
		{F10D2B5D-D830-4095-833B-FD17A8D2A752}.Release|Any CPU.ActiveCfg = Release|Any CPU
		{F10D2B5D-D830-4095-833B-FD17A8D2A752}.Release|Any CPU.Build.0 = Release|Any CPU
		{7C0E5F83-C398-4C5E-8AF9-ED7E7F74F934}.Debug|Any CPU.ActiveCfg = Debug|Any CPU
		{7C0E5F83-C398-4C5E-8AF9-ED7E7F74F934}.Debug|Any CPU.Build.0 = Debug|Any CPU
		{7C0E5F83-C398-4C5E-8AF9-ED7E7F74F934}.Release|Any CPU.ActiveCfg = Release|Any CPU
		{7C0E5F83-C398-4C5E-8AF9-ED7E7F74F934}.Release|Any CPU.Build.0 = Release|Any CPU
	EndGlobalSection
	GlobalSection(SolutionProperties) = preSolution
		HideSolutionNode = FALSE
	EndGlobalSection
	GlobalSection(NestedProjects) = preSolution
		{013075DC-D708-408A-A4F0-0AB0CAA84227} = {D5A6CE5D-1E86-48C9-9781-052F7C6C459F}
		{F10D2B5D-D830-4095-833B-FD17A8D2A752} = {2863307B-E5DC-47CB-98F6-B297645FCCC0}
		{7C0E5F83-C398-4C5E-8AF9-ED7E7F74F934} = {D5A6CE5D-1E86-48C9-9781-052F7C6C459F}
	EndGlobalSection
	GlobalSection(ExtensibilityGlobals) = postSolution
		SolutionGuid = {6EB922AA-9F52-4960-A0E5-0DDE11A7F0A8}
	EndGlobalSection
EndGlobal
